
Microsoft Visual Studio Solution File, Format Version 12.00
# Visual Studio Version 17
VisualStudioVersion = 17.10.34916.146
MinimumVisualStudioVersion = 10.0.40219.1
Project("{FAE04EC0-301F-11D3-BF4B-00C04F79EFBC}") = "ProjetoControleFinanceiro_Julius", "ProjetoControleFinanceiro_Julius\ProjetoControleFinanceiro_Julius.csproj", "{421D39EF-9912-4354-BBC4-24C290897562}"
EndProject
Global
	GlobalSection(SolutionConfigurationPlatforms) = preSolution
		Debug|Any CPU = Debug|Any CPU
		Release|Any CPU = Release|Any CPU
	EndGlobalSection
	GlobalSection(ProjectConfigurationPlatforms) = postSolution
		{421D39EF-9912-4354-BBC4-24C290897562}.Debug|Any CPU.ActiveCfg = Debug|Any CPU
		{421D39EF-9912-4354-BBC4-24C290897562}.Debug|Any CPU.Build.0 = Debug|Any CPU
		{421D39EF-9912-4354-BBC4-24C290897562}.Release|Any CPU.ActiveCfg = Release|Any CPU
		{421D39EF-9912-4354-BBC4-24C290897562}.Release|Any CPU.Build.0 = Release|Any CPU
	EndGlobalSection
	GlobalSection(SolutionProperties) = preSolution
		HideSolutionNode = FALSE
	EndGlobalSection
	GlobalSection(ExtensibilityGlobals) = postSolution
		SolutionGuid = {B736EADA-DAB0-4026-91AC-8CECCA55704C}
	EndGlobalSection
EndGlobal
